<?xml version="1.0" encoding="utf-8"?>
<Project ToolsVersion="4.0" xmlns="http://schemas.microsoft.com/developer/msbuild/2003">
  <ItemGroup>
    <Filter Include="Common">
      <UniqueIdentifier>5dac51e0-5f0a-41f0-97df-be0365313882</UniqueIdentifier>
    </Filter>
    <Filter Include="Assets">
      <UniqueIdentifier>9fe93892-ec46-4c58-aa39-f7e7b715e7ee</UniqueIdentifier>
      <Extensions>ico;cur;bmp;dds;dlg;fbx;rct;bin;rgs;gif;jpg;jpeg;jpe;resx;tga;tiff;tif;png;wav;mfcribbon-ms</Extensions>
    </Filter>
    <Filter Include="ImaseLib">
      <UniqueIdentifier>{53a2857a-5230-40c5-a4b7-08b0ac96acc4}</UniqueIdentifier>
    </Filter>
    <Filter Include="Scene">
      <UniqueIdentifier>{e49ac2a8-3c45-4fc9-a669-00f52884ac95}</UniqueIdentifier>
    </Filter>
  </ItemGroup>
  <ItemGroup>
    <ClInclude Include="pch.h" />
    <ClInclude Include="Game.h" />
    <ClInclude Include="StepTimer.h">
      <Filter>Common</Filter>
    </ClInclude>
    <ClInclude Include="DeviceResources.h">
      <Filter>Common</Filter>
    </ClInclude>
    <ClInclude Include="ImaseLib\SceneManager.h">
      <Filter>ImaseLib</Filter>
    </ClInclude>
    <ClInclude Include="UserResources.h" />
    <ClInclude Include="ImaseLib\DebugCamera.h">
      <Filter>ImaseLib</Filter>
    </ClInclude>
    <ClInclude Include="TitleScene.h">
      <Filter>Scene</Filter>
    </ClInclude>
    <ClInclude Include="GameScene.h">
      <Filter>Scene</Filter>
    </ClInclude>
    <ClInclude Include="TestScene.h">
      <Filter>Scene</Filter>
    </ClInclude>
    <ClInclude Include="ImaseLib\DebugFont.h">
      <Filter>ImaseLib</Filter>
    </ClInclude>
    <ClInclude Include="Meter.h" />
    <ClInclude Include="MotosScene.h">
      <Filter>Scene</Filter>
    </ClInclude>
  </ItemGroup>
  <ItemGroup>
    <ClCompile Include="pch.cpp" />
    <ClCompile Include="Game.cpp" />
    <ClCompile Include="Main.cpp" />
    <ClCompile Include="DeviceResources.cpp">
      <Filter>Common</Filter>
    </ClCompile>
    <ClCompile Include="ImaseLib\DebugCamera.cpp">
      <Filter>ImaseLib</Filter>
    </ClCompile>
    <ClCompile Include="TitleScene.cpp">
      <Filter>Scene</Filter>
    </ClCompile>
    <ClCompile Include="GameScene.cpp">
      <Filter>Scene</Filter>
    </ClCompile>
    <ClCompile Include="TestScene.cpp">
      <Filter>Scene</Filter>
    </ClCompile>
    <ClCompile Include="ImaseLib\DebugFont.cpp">
      <Filter>ImaseLib</Filter>
    </ClCompile>
    <ClCompile Include="Meter.cpp" />
    <ClCompile Include="MotosScene.cpp">
      <Filter>Scene</Filter>
    </ClCompile>
  </ItemGroup>
  <ItemGroup>
    <ResourceCompile Include="resource.rc" />
  </ItemGroup>
  <ItemGroup>
    <Image Include="directx.ico">
      <Filter>Assets</Filter>
    </Image>
  </ItemGroup>
  <ItemGroup>
    <Manifest Include="settings.manifest">
      <Filter>Assets</Filter>
    </Manifest>
  </ItemGroup>
  <ItemGroup>
    <None Include="packages.config" />
  </ItemGroup>
  <ItemGroup>
    <ImageContentTask Include="Textures\floor.png">
      <Filter>Assets</Filter>
    </ImageContentTask>
    <ImageContentTask Include="Textures\shadow.png">
      <Filter>Assets</Filter>
    </ImageContentTask>
    <ImageContentTask Include="Textures\push_space.png">
      <Filter>Assets</Filter>
    </ImageContentTask>
    <ImageContentTask Include="Textures\title.png">
      <Filter>Assets</Filter>
    </ImageContentTask>
    <ImageContentTask Include="Textures\title_tile.png">
      <Filter>Assets</Filter>
    </ImageContentTask>
  </ItemGroup>
</Project>